
Microsoft Visual Studio Solution File, Format Version 12.00
# Visual Studio Version 16
VisualStudioVersion = 16.0.31702.278
MinimumVisualStudioVersion = 10.0.40219.1
Project("{2150E333-8FDC-42A3-9474-1A3956D46DE8}") = "src", "src", "{B7EA5AAE-D101-4E69-9DCB-DF0B423658D9}"
EndProject
Project("{2150E333-8FDC-42A3-9474-1A3956D46DE8}") = "Shared", "Shared", "{23708340-1870-4152-9392-914E823B8BE7}"
EndProject
Project("{2150E333-8FDC-42A3-9474-1A3956D46DE8}") = "Services", "Services", "{961C8218-8E4F-4449-8920-BFA81AEFD26D}"
EndProject
Project("{2150E333-8FDC-42A3-9474-1A3956D46DE8}") = "Application", "Application", "{337456BE-0F58-40C0-B44A-444F52A39928}"
EndProject
Project("{2150E333-8FDC-42A3-9474-1A3956D46DE8}") = "Identity", "Identity", "{B009C612-F4D2-442A-A188-87FB972ACBA8}"
EndProject
Project("{9A19103F-16F7-4668-BE54-9A1E7A4F7556}") = "GlassLewis.Identity.API", "src\services\GlassLewis.Identity.API\GlassLewis.Identity.API.csproj", "{791C556C-C1FD-4456-B8EF-B3DD96880181}"
EndProject
Project("{2150E333-8FDC-42A3-9474-1A3956D46DE8}") = "MVC", "MVC", "{A4DC4EA5-6939-496D-ACE1-8483F91C9C57}"
EndProject
Project("{9A19103F-16F7-4668-BE54-9A1E7A4F7556}") = "GlassLewis.WebApp.MVC", "src\application\GlassLewis.WebApp.MVC\GlassLewis.WebApp.MVC.csproj", "{6CEB73E2-D751-468B-8023-38E7A27FCE25}"
EndProject
Project("{2150E333-8FDC-42A3-9474-1A3956D46DE8}") = "Core", "Core", "{D958749B-2425-42C9-92D2-D66E8653BC3A}"
EndProject
Project("{9A19103F-16F7-4668-BE54-9A1E7A4F7556}") = "GlassLewis.Core", "src\building blocks\GlassLewis.Core\GlassLewis.Core.csproj", "{DBCE296C-86DE-4A0E-82E4-5DD29854A437}"
EndProject
Project("{2150E333-8FDC-42A3-9474-1A3956D46DE8}") = "Company", "Company", "{49616529-AF6C-41E1-A533-4C60E22DEB64}"
EndProject
Project("{9A19103F-16F7-4668-BE54-9A1E7A4F7556}") = "GlassLewis.Company.API", "src\services\GlassLewis.Company.API\GlassLewis.Company.API.csproj", "{25BC1FC1-9E69-405D-92DB-54DBE7B88B84}"
EndProject
Project("{2150E333-8FDC-42A3-9474-1A3956D46DE8}") = "Services", "Services", "{3378BD91-41DD-428F-BC9E-A392AC4A7095}"
EndProject
Project("{9A19103F-16F7-4668-BE54-9A1E7A4F7556}") = "GlassLewis.WebAPI.Core", "src\building blocks\GlassLewis.WebAPI.Core\GlassLewis.WebAPI.Core.csproj", "{E01E88EA-C669-46F7-B083-A86C22AA609D}"
EndProject
Project("{9A19103F-16F7-4668-BE54-9A1E7A4F7556}") = "GlassLewis.Company.Domain", "src\services\GlassLewis.Company.Domain\GlassLewis.Company.Domain.csproj", "{4AD244F5-BEA5-4E35-9265-A91975863743}"
EndProject
Project("{9A19103F-16F7-4668-BE54-9A1E7A4F7556}") = "GlassLewis.Company.Infrastructure", "src\services\GlassLewis.Company.Infrastructure\GlassLewis.Company.Infrastructure.csproj", "{5AFBEF01-B9E0-400E-9F1D-1C892E2280DC}"
EndProject
Project("{2150E333-8FDC-42A3-9474-1A3956D46DE8}") = "Tests", "Tests", "{7B098929-266C-486F-A5E5-094151D64194}"
EndProject
Project("{FAE04EC0-301F-11D3-BF4B-00C04F79EFBC}") = "GlassLewis.Test", "src\Tests\GlassLewis.Test\GlassLewis.Test.csproj", "{EA89BB69-2F42-4742-9FAD-0D4879C9E7B5}"
EndProject
Global
	GlobalSection(SolutionConfigurationPlatforms) = preSolution
		Debug|Any CPU = Debug|Any CPU
		Release|Any CPU = Release|Any CPU
	EndGlobalSection
	GlobalSection(ProjectConfigurationPlatforms) = postSolution
		{791C556C-C1FD-4456-B8EF-B3DD96880181}.Debug|Any CPU.ActiveCfg = Debug|Any CPU
		{791C556C-C1FD-4456-B8EF-B3DD96880181}.Debug|Any CPU.Build.0 = Debug|Any CPU
		{791C556C-C1FD-4456-B8EF-B3DD96880181}.Release|Any CPU.ActiveCfg = Release|Any CPU
		{791C556C-C1FD-4456-B8EF-B3DD96880181}.Release|Any CPU.Build.0 = Release|Any CPU
		{6CEB73E2-D751-468B-8023-38E7A27FCE25}.Debug|Any CPU.ActiveCfg = Debug|Any CPU
		{6CEB73E2-D751-468B-8023-38E7A27FCE25}.Debug|Any CPU.Build.0 = Debug|Any CPU
		{6CEB73E2-D751-468B-8023-38E7A27FCE25}.Release|Any CPU.ActiveCfg = Release|Any CPU
		{6CEB73E2-D751-468B-8023-38E7A27FCE25}.Release|Any CPU.Build.0 = Release|Any CPU
		{DBCE296C-86DE-4A0E-82E4-5DD29854A437}.Debug|Any CPU.ActiveCfg = Debug|Any CPU
		{DBCE296C-86DE-4A0E-82E4-5DD29854A437}.Debug|Any CPU.Build.0 = Debug|Any CPU
		{DBCE296C-86DE-4A0E-82E4-5DD29854A437}.Release|Any CPU.ActiveCfg = Release|Any CPU
		{DBCE296C-86DE-4A0E-82E4-5DD29854A437}.Release|Any CPU.Build.0 = Release|Any CPU
		{25BC1FC1-9E69-405D-92DB-54DBE7B88B84}.Debug|Any CPU.ActiveCfg = Debug|Any CPU
		{25BC1FC1-9E69-405D-92DB-54DBE7B88B84}.Debug|Any CPU.Build.0 = Debug|Any CPU
		{25BC1FC1-9E69-405D-92DB-54DBE7B88B84}.Release|Any CPU.ActiveCfg = Release|Any CPU
		{25BC1FC1-9E69-405D-92DB-54DBE7B88B84}.Release|Any CPU.Build.0 = Release|Any CPU
		{E01E88EA-C669-46F7-B083-A86C22AA609D}.Debug|Any CPU.ActiveCfg = Debug|Any CPU
		{E01E88EA-C669-46F7-B083-A86C22AA609D}.Debug|Any CPU.Build.0 = Debug|Any CPU
		{E01E88EA-C669-46F7-B083-A86C22AA609D}.Release|Any CPU.ActiveCfg = Release|Any CPU
		{E01E88EA-C669-46F7-B083-A86C22AA609D}.Release|Any CPU.Build.0 = Release|Any CPU
		{4AD244F5-BEA5-4E35-9265-A91975863743}.Debug|Any CPU.ActiveCfg = Debug|Any CPU
		{4AD244F5-BEA5-4E35-9265-A91975863743}.Debug|Any CPU.Build.0 = Debug|Any CPU
		{4AD244F5-BEA5-4E35-9265-A91975863743}.Release|Any CPU.ActiveCfg = Release|Any CPU
		{4AD244F5-BEA5-4E35-9265-A91975863743}.Release|Any CPU.Build.0 = Release|Any CPU
		{5AFBEF01-B9E0-400E-9F1D-1C892E2280DC}.Debug|Any CPU.ActiveCfg = Debug|Any CPU
		{5AFBEF01-B9E0-400E-9F1D-1C892E2280DC}.Debug|Any CPU.Build.0 = Debug|Any CPU
		{5AFBEF01-B9E0-400E-9F1D-1C892E2280DC}.Release|Any CPU.ActiveCfg = Release|Any CPU
		{5AFBEF01-B9E0-400E-9F1D-1C892E2280DC}.Release|Any CPU.Build.0 = Release|Any CPU
		{EA89BB69-2F42-4742-9FAD-0D4879C9E7B5}.Debug|Any CPU.ActiveCfg = Debug|Any CPU
		{EA89BB69-2F42-4742-9FAD-0D4879C9E7B5}.Debug|Any CPU.Build.0 = Debug|Any CPU
		{EA89BB69-2F42-4742-9FAD-0D4879C9E7B5}.Release|Any CPU.ActiveCfg = Release|Any CPU
		{EA89BB69-2F42-4742-9FAD-0D4879C9E7B5}.Release|Any CPU.Build.0 = Release|Any CPU
	EndGlobalSection
	GlobalSection(SolutionProperties) = preSolution
		HideSolutionNode = FALSE
	EndGlobalSection
	GlobalSection(NestedProjects) = preSolution
		{23708340-1870-4152-9392-914E823B8BE7} = {B7EA5AAE-D101-4E69-9DCB-DF0B423658D9}
		{961C8218-8E4F-4449-8920-BFA81AEFD26D} = {B7EA5AAE-D101-4E69-9DCB-DF0B423658D9}
		{337456BE-0F58-40C0-B44A-444F52A39928} = {B7EA5AAE-D101-4E69-9DCB-DF0B423658D9}
		{B009C612-F4D2-442A-A188-87FB972ACBA8} = {961C8218-8E4F-4449-8920-BFA81AEFD26D}
		{791C556C-C1FD-4456-B8EF-B3DD96880181} = {B009C612-F4D2-442A-A188-87FB972ACBA8}
		{A4DC4EA5-6939-496D-ACE1-8483F91C9C57} = {337456BE-0F58-40C0-B44A-444F52A39928}
		{6CEB73E2-D751-468B-8023-38E7A27FCE25} = {A4DC4EA5-6939-496D-ACE1-8483F91C9C57}
		{D958749B-2425-42C9-92D2-D66E8653BC3A} = {23708340-1870-4152-9392-914E823B8BE7}
		{DBCE296C-86DE-4A0E-82E4-5DD29854A437} = {D958749B-2425-42C9-92D2-D66E8653BC3A}
		{49616529-AF6C-41E1-A533-4C60E22DEB64} = {961C8218-8E4F-4449-8920-BFA81AEFD26D}
		{25BC1FC1-9E69-405D-92DB-54DBE7B88B84} = {49616529-AF6C-41E1-A533-4C60E22DEB64}
		{3378BD91-41DD-428F-BC9E-A392AC4A7095} = {23708340-1870-4152-9392-914E823B8BE7}
		{E01E88EA-C669-46F7-B083-A86C22AA609D} = {3378BD91-41DD-428F-BC9E-A392AC4A7095}
		{4AD244F5-BEA5-4E35-9265-A91975863743} = {49616529-AF6C-41E1-A533-4C60E22DEB64}
		{5AFBEF01-B9E0-400E-9F1D-1C892E2280DC} = {49616529-AF6C-41E1-A533-4C60E22DEB64}
		{7B098929-266C-486F-A5E5-094151D64194} = {B7EA5AAE-D101-4E69-9DCB-DF0B423658D9}
		{EA89BB69-2F42-4742-9FAD-0D4879C9E7B5} = {7B098929-266C-486F-A5E5-094151D64194}
	EndGlobalSection
	GlobalSection(ExtensibilityGlobals) = postSolution
		SolutionGuid = {90BC94B9-B5A4-46FC-938C-5C85B3B90678}
	EndGlobalSection
EndGlobal
